[[locked]]
name = "HUnit"
repo = "https://github.com/hspec/HUnit.git"
rev = "f28ba094f18504579fa29efe247af3a31108cd3c"
sha256 = "sha256:1e1d09d5d9773f49b811d90e4534f2ce213eab6d04856acc70d56e8c386c56f8"
depends = ["call-stack"]

[[locked]]
name = "QuickCheck"
repo = "https://github.com/nick8325/quickcheck.git"
rev = "2d73ed7c8a5b272df108307bd4d25f898e94034e"
sha256 = "sha256:d632b4f74f46bfb69cd6205e2939fe95afdab3731be8663a85e0a4eac9591b34"
depends = ["random", "splitmix"]

[[locked]]
name = "SHA"
repo = "https://github.com/GaloisInc/SHA.git"
rev = "9653669162f411b0250e83ddbdb375ff0a63e6eb"
sha256 = "sha256:91285ddcf7170a4566ff8e7b647ed6a62ab30b8b497e423ee0576b95cdfae796"
depends = []

[[locked]]
name = "ansi-terminal"
repo = "https://github.com/UnkindPartition/ansi-terminal.git#ansi-terminal"
rev = "0f22df579e543f0b05da15ffbb913edeb646a954"
sha256 = "sha256:d503336b9109bdbbec86d2aae89bf90ac108d6fc709d53777809d477a83200e8"
depends = ["ansi-terminal-types", "colour"]

[[locked]]
name = "ansi-terminal-types"
repo = "https://github.com/UnkindPartition/ansi-terminal.git#ansi-terminal-types"
rev = "2a4a6d89980801ae353fb573753d6205f90115e7"
sha256 = "sha256:d382318642831365d9e431d4a2c1c3805bd95e1472077843394640e3d21d52b4"
depends = ["colour"]

[[locked]]
name = "call-stack"
repo = "https://github.com/sol/call-stack.git"
rev = "1d78c6320f986a2948b2076736b1678e53f862cf"
sha256 = "sha256:d15e84f7c78c6cb1ab323fcbee1f2e3fa011aaebb8b712bfcf186a8a4d469592"
depends = []

[[locked]]
name = "colour"
vendored = "2.3.6"
sha256 = "sha256:0593b267dda0b49a14282788f3d7876f45639f8bd6265e2ed9292dc2bbd58231"
depends = []

[[locked]]
name = "haskell-lexer"
repo = "https://github.com/yav/haskell-lexer.git"
rev = "3fa63b7e9f90a396ddb9c9e4818c748546b6b692"
sha256 = "sha256:bac60245b0a061be04f030aced459d53835b93e2bad6d029faf313f4ee028a49"
depends = []

[[locked]]
name = "hspec"
repo = "https://github.com/hspec/hspec.git"
rev = "770a64366a3059cc7a91012a3ffb43ab8d0b29f4"
sha256 = "sha256:0ea509cfb99eccbd9aa7a0b8fd13856ca4daa2779777f8e21f8d24820b9d4d58"
depends = ["QuickCheck", "hspec-core", "hspec-discover", "hspec-expectations"]

[[locked]]
name = "hspec-core"
repo = "https://github.com/hspec/hspec.git#hspec-core"
rev = "770a64366a3059cc7a91012a3ffb43ab8d0b29f4"
sha256 = "sha256:0ea509cfb99eccbd9aa7a0b8fd13856ca4daa2779777f8e21f8d24820b9d4d58"
depends = ["HUnit", "QuickCheck", "ansi-terminal", "call-stack", "haskell-lexer", "hspec-expectations", "quickcheck-io", "random", "tf-random"]

[[locked]]
name = "hspec-discover"
repo = "https://github.com/hspec/hspec.git#hspec-discover"
rev = "770a64366a3059cc7a91012a3ffb43ab8d0b29f4"
sha256 = "sha256:0ea509cfb99eccbd9aa7a0b8fd13856ca4daa2779777f8e21f8d24820b9d4d58"
depends = []

[[locked]]
name = "hspec-expectations"
repo = "https://github.com/hspec/hspec-expectations.git"
rev = "0c2f8822744c3fbf09356919a337361b80ad33c9"
sha256 = "sha256:775242c8f7ea9fac2b086d48c3742aa10539d2a7f26d7e4153f295fde027fe2e"
depends = ["HUnit", "call-stack"]

[[locked]]
name = "optparse-applicative"
repo = "https://github.com/pcapriotti/optparse-applicative.git"
rev = "270a626f7a7225cdce9b025b427eb0c4378c39c7"
sha256 = "sha256:860824854e5246359e45eef74c23e046df7fb0a558f1a2be8afb032e8b0d92b2"
depends = ["prettyprinter", "prettyprinter-ansi-terminal", "transformers-compat"]

[[locked]]
name = "prettyprinter"
repo = "https://github.com/quchen/prettyprinter.git#prettyprinter"
rev = "7f9af88c37a511c1bca1af6836bf250319817926"
sha256 = "sha256:7ff34a85b11087c66775d3afc8f44f2538a42daf878e24d097a31363a297d22e"
depends = []

[[locked]]
name = "prettyprinter-ansi-terminal"
repo = "https://github.com/quchen/prettyprinter.git#prettyprinter-ansi-terminal"
rev = "7f9af88c37a511c1bca1af6836bf250319817926"
sha256 = "sha256:7ff34a85b11087c66775d3afc8f44f2538a42daf878e24d097a31363a297d22e"
depends = ["ansi-terminal", "prettyprinter"]

[[locked]]
name = "primitive"
repo = "https://github.com/haskell/primitive.git"
rev = "518fe62e2f4b23dda89cb8acd64fa2945e1e6ffd"
sha256 = "sha256:45fd90828368fdc4a0988b65ad461001f3ca5cb2e0e9edfa23b23f7499f31a08"
depends = []

[[locked]]
name = "quickcheck-io"
repo = "https://github.com/hspec/quickcheck-io.git"
rev = "7b8fb741efa277cfb772f72611e39b68b61aca15"
sha256 = "sha256:9e75c0c6b38523b52e82d1ce6a84d07c324dbadc9e2f3d428d402e63ca981363"
depends = ["HUnit", "QuickCheck"]

[[locked]]
name = "random"
repo = "https://github.com/haskell/random.git"
rev = "ba5587fcda28f376d087f812614b50fc10249d74"
sha256 = "sha256:702ffcb544c145d8fe9ab0a2634b9da9bc07ed70303fa3280ed12e03d1d07c3e"
depends = ["splitmix"]

[[locked]]
name = "splitmix"
repo = "https://github.com/haskellari/splitmix.git"
rev = "a52b12732c729c87fdb4937adc689afb8cbe408b"
sha256 = "sha256:2562aaa30e1c8fd2cd74e0abbf2d99670d91b29fb7084db4468f831c6a8697d5"
depends = []

[[locked]]
name = "tf-random"
vendored = "0.5"
sha256 = "sha256:39575400d744f41d6c1d984f59a5246f45453ee3bddd97de9a9fdab4674611a0"
depends = ["primitive", "random"]

[[locked]]
name = "toml-parser"
repo = "https://github.com/glguy/toml-parser.git"
rev = "3f02aa375c4decfa7de6d4841974919697cfb54a"
sha256 = "sha256:e5a8ac2d86456cb321f98857be19a770e7fb8787d5eb15da76182f7c86de94aa"
depends = ["prettyprinter"]

[[locked]]
name = "transformers-compat"
repo = "https://github.com/ekmett/transformers-compat.git"
rev = "879dc486166d3a9e653695572f9c28d88af7e2d7"
sha256 = "sha256:64ea5b05b5935feffbd60a5996d31ccf64b9368b382bed2fe924c1e60dde2cbd"
depends = []

[[skill]]
name = "systematic-debugging"
repo = "/tmp/skill-smoke/debugging-skill"
rev = "3bd9565b7dffe7098d6a534484352ee2e4d57f43"
sha256 = "sha256:a180534593869461a0aa37ff7348ded077590620900fd7e022433ba570100f2e"
